
Microsoft Visual Studio Solution File, Format Version 12.00
# Visual Studio Version 17
VisualStudioVersion = 17.4.33213.308
MinimumVisualStudioVersion = 10.0.40219.1
Project("{9A19103F-16F7-4668-BE54-9A1E7A4F7556}") = "BasicExample", "BasicExample.csproj", "{77B81D3D-5F74-4EDD-9038-669C9DD212AA}"
EndProject
Global
	GlobalSection(SolutionConfigurationPlatforms) = preSolution
		Debug|Any CPU = Debug|Any CPU
		Release|Any CPU = Release|Any CPU
	EndGlobalSection
	GlobalSection(ProjectConfigurationPlatforms) = postSolution
		{77B81D3D-5F74-4EDD-9038-669C9DD212AA}.Debug|Any CPU.ActiveCfg = Debug|Any CPU
		{77B81D3D-5F74-4EDD-9038-669C9DD212AA}.Debug|Any CPU.Build.0 = Debug|Any CPU
		{77B81D3D-5F74-4EDD-9038-669C9DD212AA}.Release|Any CPU.ActiveCfg = Release|Any CPU
		{77B81D3D-5F74-4EDD-9038-669C9DD212AA}.Release|Any CPU.Build.0 = Release|Any CPU
	EndGlobalSection
	GlobalSection(SolutionProperties) = preSolution
		HideSolutionNode = FALSE
	EndGlobalSection
	GlobalSection(ExtensibilityGlobals) = postSolution
		SolutionGuid = {E5D416DE-134B-4A6A-8833-D7BAC9257726}
	EndGlobalSection
EndGlobal
